
Microsoft Visual Studio Solution File, Format Version 12.00
Project("{FAE04EC0-301F-11D3-BF4B-00C04F79EFBC}") = "UT5_TFU", "UT5_TFU\UT5_TFU.csproj", "{5812D1F6-03B2-4879-8A28-1A1625B87985}"
EndProject
Global
	GlobalSection(SolutionConfigurationPlatforms) = preSolution
		Debug|Any CPU = Debug|Any CPU
		Release|Any CPU = Release|Any CPU
	EndGlobalSection
	GlobalSection(ProjectConfigurationPlatforms) = postSolution
		{5812D1F6-03B2-4879-8A28-1A1625B87985}.Debug|Any CPU.ActiveCfg = Debug|Any CPU
		{5812D1F6-03B2-4879-8A28-1A1625B87985}.Debug|Any CPU.Build.0 = Debug|Any CPU
		{5812D1F6-03B2-4879-8A28-1A1625B87985}.Release|Any CPU.ActiveCfg = Release|Any CPU
		{5812D1F6-03B2-4879-8A28-1A1625B87985}.Release|Any CPU.Build.0 = Release|Any CPU
	EndGlobalSection
EndGlobal
